Grupo3@0.1.0:
  version "0.1.0"
  dependencies:
    "@expo/vector-icons" "^6.1.0"
    axios "^0.16.2"
    expo "^21.0.2"
    jest "^21.2.1"
    jshint "^2.9.5"
    prop-types "^15.6.0"
    react "16.0.0-alpha.12"
    react-native "^0.55.4"
    react-native-animatable "^1.2.4"
    react-native-checkbox "^1.2.0"
    react-native-checkbox-field "^2.0.2"
    react-native-chooser "^1.6.1"
    react-native-collapsible "^0.9.0"
    react-native-communications "^2.2.1"
    react-native-datepicker "^1.6.0"
    react-native-elements "^0.17.0"
    react-native-hyperlink "0.0.11"
    react-native-maps "^0.17.1"
    react-native-modal-dropdown "^0.5.0"
    react-native-modal-picker "0.0.16"
    react-native-open-maps "^0.1.1"
    react-native-popup-dialog "^0.9.39"
    react-native-root-toast "^2.2.0"
    react-native-router-flux "^4.0.0-beta.23"
    react-native-selectbox "^0.1.2"
    react-native-tab-view "0.0.70"
    react-native-vector-icons "^4.6.0"
    react-redux "^5.0.6"
    redux "^3.7.2"
    redux-thunk "^2.2.0"

